
Microsoft Visual Studio Solution File, Format Version 12.00
# Visual Studio Version 17
VisualStudioVersion = 17.4.33213.308
MinimumVisualStudioVersion = 10.0.40219.1
Project("{FAE04EC0-301F-11D3-BF4B-00C04F79EFBC}") = "ImagineApps.Infrastructure", "ImagineApps.Infrastructure\ImagineApps.Infrastructure.csproj", "{E5D5CD22-0E55-4A5F-BA5A-C3E0A8AE5151}"
EndProject
Project("{FAE04EC0-301F-11D3-BF4B-00C04F79EFBC}") = "ImagineApps.Domain", "ImagineApps.Domain\ImagineApps.Domain.csproj", "{60F53D26-A755-46D6-8C23-C14ABB94D04F}"
EndProject
Project("{FAE04EC0-301F-11D3-BF4B-00C04F79EFBC}") = "ImagineApps.Application", "ImagineApps.Application\ImagineApps.Application.csproj", "{6FF0BED3-0C72-45FE-8432-E6E240FCCC75}"
EndProject
Project("{FAE04EC0-301F-11D3-BF4B-00C04F79EFBC}") = "ImagineApps.Api", "ImagineApps.Api\ImagineApps.Api.csproj", "{7C4F7FE9-A067-4EA2-9134-93C52B1F4CCC}"
EndProject
Global
	GlobalSection(SolutionConfigurationPlatforms) = preSolution
		Debug|Any CPU = Debug|Any CPU
		Release|Any CPU = Release|Any CPU
	EndGlobalSection
	GlobalSection(ProjectConfigurationPlatforms) = postSolution
		{E5D5CD22-0E55-4A5F-BA5A-C3E0A8AE5151}.Debug|Any CPU.ActiveCfg = Debug|Any CPU
		{E5D5CD22-0E55-4A5F-BA5A-C3E0A8AE5151}.Debug|Any CPU.Build.0 = Debug|Any CPU
		{E5D5CD22-0E55-4A5F-BA5A-C3E0A8AE5151}.Release|Any CPU.ActiveCfg = Release|Any CPU
		{E5D5CD22-0E55-4A5F-BA5A-C3E0A8AE5151}.Release|Any CPU.Build.0 = Release|Any CPU
		{60F53D26-A755-46D6-8C23-C14ABB94D04F}.Debug|Any CPU.ActiveCfg = Debug|Any CPU
		{60F53D26-A755-46D6-8C23-C14ABB94D04F}.Debug|Any CPU.Build.0 = Debug|Any CPU
		{60F53D26-A755-46D6-8C23-C14ABB94D04F}.Release|Any CPU.ActiveCfg = Release|Any CPU
		{60F53D26-A755-46D6-8C23-C14ABB94D04F}.Release|Any CPU.Build.0 = Release|Any CPU
		{6FF0BED3-0C72-45FE-8432-E6E240FCCC75}.Debug|Any CPU.ActiveCfg = Debug|Any CPU
		{6FF0BED3-0C72-45FE-8432-E6E240FCCC75}.Debug|Any CPU.Build.0 = Debug|Any CPU
		{6FF0BED3-0C72-45FE-8432-E6E240FCCC75}.Release|Any CPU.ActiveCfg = Release|Any CPU
		{6FF0BED3-0C72-45FE-8432-E6E240FCCC75}.Release|Any CPU.Build.0 = Release|Any CPU
		{7C4F7FE9-A067-4EA2-9134-93C52B1F4CCC}.Debug|Any CPU.ActiveCfg = Debug|Any CPU
		{7C4F7FE9-A067-4EA2-9134-93C52B1F4CCC}.Debug|Any CPU.Build.0 = Debug|Any CPU
		{7C4F7FE9-A067-4EA2-9134-93C52B1F4CCC}.Release|Any CPU.ActiveCfg = Release|Any CPU
		{7C4F7FE9-A067-4EA2-9134-93C52B1F4CCC}.Release|Any CPU.Build.0 = Release|Any CPU
	EndGlobalSection
	GlobalSection(SolutionProperties) = preSolution
		HideSolutionNode = FALSE
	EndGlobalSection
	GlobalSection(ExtensibilityGlobals) = postSolution
		SolutionGuid = {EB21CBB7-6F6C-47CD-B7FF-54999ACBB560}
	EndGlobalSection
EndGlobal
